
Microsoft Visual Studio Solution File, Format Version 12.00
# Visual Studio Version 17
VisualStudioVersion = 17.3.32929.385
MinimumVisualStudioVersion = 10.0.40219.1
Project("{FAE04EC0-301F-11D3-BF4B-00C04F79EFBC}") = "ACcamp_FontEnd_sol", "ACcamp_FontEnd_sol\ACcamp_FontEnd_sol.csproj", "{1C218336-C14A-4E3C-8462-122129074D41}"
EndProject
Global
	GlobalSection(SolutionConfigurationPlatforms) = preSolution
		Debug|Any CPU = Debug|Any CPU
		Release|Any CPU = Release|Any CPU
	EndGlobalSection
	GlobalSection(ProjectConfigurationPlatforms) = postSolution
		{1C218336-C14A-4E3C-8462-122129074D41}.Debug|Any CPU.ActiveCfg = Debug|Any CPU
		{1C218336-C14A-4E3C-8462-122129074D41}.Debug|Any CPU.Build.0 = Debug|Any CPU
		{1C218336-C14A-4E3C-8462-122129074D41}.Release|Any CPU.ActiveCfg = Release|Any CPU
		{1C218336-C14A-4E3C-8462-122129074D41}.Release|Any CPU.Build.0 = Release|Any CPU
	EndGlobalSection
	GlobalSection(SolutionProperties) = preSolution
		HideSolutionNode = FALSE
	EndGlobalSection
	GlobalSection(ExtensibilityGlobals) = postSolution
		SolutionGuid = {7920D056-8F09-4159-8B5F-B468B9B21F9B}
	EndGlobalSection
EndGlobal
